// !$*UTF8*$!
{
	archiveVersion = 1;
	classes = {
	};
	objectVersion = 70;
	objects = {

/* Begin PBXBuildFile section */
		9A9CBB526DCB540B12D0FACA /* DeviceActivityMonitorExtension.appex in Embed Foundation Extensions */ = {isa = PBXBuildFile; fileRef = 60D7C94D2EB536510076DBF0 /* DeviceActivityMonitorExtension.appex */; settings = {ATTRIBUTES = (RemoveHeadersOnCopy, ); }; };
		13B07FBF1A68108700A75B9A /* Images.xcassets in Resources */ = {isa = PBXBuildFile; fileRef = 13B07FB51A68108700A75B9A /* Images.xcassets */; };
		18232EB0B9A34A5B8107564F /* HomeView.swift in Sources */ = {isa = PBXBuildFile; fileRef = 0392C39A3DE641EE9DBCA3F5 /* HomeView.swift */; };
		1A2B3C4D5E6F708192A3B4C6 /* HoldToConfirmButton.swift in Sources */ = {isa = PBXBuildFile; fileRef = 2B3C4D5E6F708192A3B4C5D6 /* HoldToConfirmButton.swift */; };
		22CB72D25AA449A8AEADA554 /* SetupView.swift in Sources */ = {isa = PBXBuildFile; fileRef = 646F652F4DF0411F86A03430 /* SetupView.swift */; };
		2BE029E855B54D5897F7943C /* DataDisplayView.swift in Sources */ = {isa = PBXBuildFile; fileRef = 89DDC11B05E64638962FC34E /* DataDisplayView.swift */; };
		3E461D99554A48A4959DE609 /* SplashScreen.storyboard in Resources */ = {isa = PBXBuildFile; fileRef = AA286B85B6C04FC6940260E9 /* SplashScreen.storyboard */; };
		443106508C3E4493B30DC867 /* BLEManager.swift in Sources */ = {isa = PBXBuildFile; fileRef = 1F0018F7811041CEBE34E61D /* BLEManager.swift */; };
		5FC18872C91D4936AAF94B4C /* Models.swift in Sources */ = {isa = PBXBuildFile; fileRef = AE50CB5574214F99A14202C6 /* Models.swift */; };
		60D7C94F2EB536510076DBF0 /* DeviceActivity.framework in Frameworks */ = {isa = PBXBuildFile; fileRef = 60D7C94E2EB536510076DBF0 /* DeviceActivity.framework */; };
		60D7C9602EB5382B0076DBF0 /* FamilyControls.framework in Frameworks */ = {isa = PBXBuildFile; fileRef = 60D7C95F2EB5382B0076DBF0 /* FamilyControls.framework */; };
		60D7C9622EB5383B0076DBF0 /* ManagedSettings.framework in Frameworks */ = {isa = PBXBuildFile; fileRef = 60D7C9612EB5383B0076DBF0 /* ManagedSettings.framework */; };
		6C583A8B36864E37BF51FCB3 /* AppConfig.swift in Sources */ = {isa = PBXBuildFile; fileRef = F100ACD91ACB46818A92AA8D /* AppConfig.swift */; };
		7BB22A351210489DBA13106B /* SceneDelegate.swift in Sources */ = {isa = PBXBuildFile; fileRef = 21CBFCE60C3741839789F448 /* SceneDelegate.swift */; };
		7E5DB21B30764AC9B4D6263A /* WorkoutView.swift in Sources */ = {isa = PBXBuildFile; fileRef = 8B8414B5B1FB40519788E100 /* WorkoutView.swift */; };
		88A1DDE97BE64492848FF9F7 /* CongratulationsView.swift in Sources */ = {isa = PBXBuildFile; fileRef = 0479AA6271854BEEBE11C7E4 /* CongratulationsView.swift */; };
		8D87DD5133A7AB39F4848C73 /* PrivacyInfo.xcprivacy in Resources */ = {isa = PBXBuildFile; fileRef = 412FB27218B7A33677308B8E /* PrivacyInfo.xcprivacy */; };
		9D8E7F6A1B2C3D4E5F607182 /* ScreenTimeManager.swift in Sources */ = {isa = PBXBuildFile; fileRef = 8C7D6E5A0B1C2D3E4F506071 /* ScreenTimeManager.swift */; };
		A67A45E9B72B4E81B652C831 /* ESP32ConnectApp.swift in Sources */ = {isa = PBXBuildFile; fileRef = 7C8C77A75B98436880BB96D1 /* ESP32ConnectApp.swift */; };
		AC01234567890ABCDEF12345 /* AutoConnectDataDisplayView.swift in Sources */ = {isa = PBXBuildFile; fileRef = BC01234567890ABCDEF12345 /* AutoConnectDataDisplayView.swift */; };
		E20F79DAFA5042F18286D991 /* ConnectionView.swift in Sources */ = {isa = PBXBuildFile; fileRef = B700AC7A3B1F495C80E42D88 /* ConnectionView.swift */; };
		F11748422D0307B40044C1D9 /* AppDelegate.swift in Sources */ = {isa = PBXBuildFile; fileRef = F11748412D0307B40044C1D9 /* AppDelegate.swift */; };
		3FDC1F077C776F2ED2D3FE6E /* EventLog.swift in Sources */ = {isa = PBXBuildFile; fileRef = 32B6E4FE693E80B0121C9B89 /* EventLog.swift */; };
		982BAB3C5D93A2FD7DF4D6F5 /* EventLogView.swift in Sources */ = {isa = PBXBuildFile; fileRef = 5A83382E7E567308F8348F2A /* EventLogView.swift */; };
		2339E79E9EE8381920CA63CE /* ExtensionDiagnosticsView.swift in Sources */ = {isa = PBXBuildFile; fileRef = 886126AF72FC4F2B1FA4E12F /* ExtensionDiagnosticsView.swift */; };
		AE19B0C5022B1116B931D88E /* AppGroupConstants.swift in Sources */ = {isa = PBXBuildFile; fileRef = 3489088203CCE1FA6DAF0814 /* AppGroupConstants.swift */; };
		4174BDAC3A46570F979BFFD4 /* DeviceActivityMonitorExtension.swift in Sources */ = {isa = PBXBuildFile; fileRef = 515F0EB8E3236D280FEB299A /* DeviceActivityMonitorExtension.swift */; };
		D38436200DDDF6F3C1E39F01 /* EventLog.swift in Sources */ = {isa = PBXBuildFile; fileRef = 5EA41A84000F784D45C71B59 /* EventLog.swift */; };
		BA2DB7D193DCB8EA160D9176 /* AppGroupConstants.swift in Sources */ = {isa = PBXBuildFile; fileRef = D72BDD70DC0468C5E5439B9C /* AppGroupConstants.swift */; };
/* End PBXBuildFile section */

/* Begin PBXContainerItemProxy section */
		60D7C9642EB570B10076DBF0 /* PBXContainerItemProxy */ = {
			isa = PBXContainerItemProxy;
			containerPortal = 83CBB9F71A601CBA00E9B192 /* Project object */;
			proxyType = 1;
			remoteGlobalIDString = 60D7C94C2EB536510076DBF0;
			remoteInfo = DeviceActivityMonitorExtension;
		};
		60D7C9672EB570B90076DBF0 /* PBXContainerItemProxy */ = {
			isa = PBXContainerItemProxy;
			containerPortal = 83CBB9F71A601CBA00E9B192 /* Project object */;
			proxyType = 1;
			remoteGlobalIDString = 60D7C94C2EB536510076DBF0;
			remoteInfo = DeviceActivityMonitorExtension;
		};
/* End PBXContainerItemProxy section */

/* Begin PBXCopyFilesBuildPhase section */
		60D7C9662EB570B10076DBF0 /* Embed Foundation Extensions */ = {
			isa = PBXCopyFilesBuildPhase;
			buildActionMask = 2147483647;
			dstPath = "";
			dstSubfolderSpec = 13;
			files = (
			9A9CBB526DCB540B12D0FACA /* DeviceActivityMonitorExtension.appex in Embed Foundation Extensions */,
			);
			name = "Embed Foundation Extensions";
			runOnlyForDeploymentPostprocessing = 0;
		};
		60D7C9692EB572920076DBF0 /* Copy Files */ = {
			isa = PBXCopyFilesBuildPhase;
			buildActionMask = 2147483647;
			dstPath = "";
			dstSubfolderSpec = 13;
			files = (
			);
			name = "Copy Files";
			runOnlyForDeploymentPostprocessing = 0;
		};
/* End PBXCopyFilesBuildPhase section */

/* Begin PBXFileReference section */
		0392C39A3DE641EE9DBCA3F5 /* HomeView.swift */ = {isa = PBXFileReference; lastKnownFileType = sourcecode.swift; name = HomeView.swift; path = esp32Connect/HomeView.swift; sourceTree = "<group>"; };
		0479AA6271854BEEBE11C7E4 /* CongratulationsView.swift */ = {isa = PBXFileReference; lastKnownFileType = sourcecode.swift; name = CongratulationsView.swift; path = esp32Connect/CongratulationsView.swift; sourceTree = "<group>"; };
		13B07F961A680F5B00A75B9A /* esp32Connect.app */ = {isa = PBXFileReference; explicitFileType = wrapper.application; includeInIndex = 0; path = esp32Connect.app; sourceTree = BUILT_PRODUCTS_DIR; };
		13B07FB51A68108700A75B9A /* Images.xcassets */ = {isa = PBXFileReference; lastKnownFileType = folder.assetcatalog; name = Images.xcassets; path = esp32Connect/Images.xcassets; sourceTree = "<group>"; };
		13B07FB61A68108700A75B9A /* Info.plist */ = {isa = PBXFileReference; fileEncoding = 4; lastKnownFileType = text.plist.xml; name = Info.plist; path = esp32Connect/Info.plist; sourceTree = "<group>"; };
		1F0018F7811041CEBE34E61D /* BLEManager.swift */ = {isa = PBXFileReference; lastKnownFileType = sourcecode.swift; name = BLEManager.swift; path = esp32Connect/BLEManager.swift; sourceTree = "<group>"; };
		21CBFCE60C3741839789F448 /* SceneDelegate.swift */ = {isa = PBXFileReference; lastKnownFileType = sourcecode.swift; name = SceneDelegate.swift; path = esp32Connect/SceneDelegate.swift; sourceTree = "<group>"; };
		2B3C4D5E6F708192A3B4C5D6 /* HoldToConfirmButton.swift */ = {isa = PBXFileReference; lastKnownFileType = sourcecode.swift; name = HoldToConfirmButton.swift; path = esp32Connect/HoldToConfirmButton.swift; sourceTree = "<group>"; };
		3A2B1C4D5E6F708192A3B4C5 /* esp32Connect.entitlements */ = {isa = PBXFileReference; lastKnownFileType = text.plist.entitlements; name = esp32Connect.entitlements; path = esp32Connect/esp32Connect.entitlements; sourceTree = "<group>"; };
		412FB27218B7A33677308B8E /* PrivacyInfo.xcprivacy */ = {isa = PBXFileReference; includeInIndex = 1; lastKnownFileType = text.xml; name = PrivacyInfo.xcprivacy; path = esp32Connect/PrivacyInfo.xcprivacy; sourceTree = "<group>"; };
		604DC5FF2EEB3B6E001938F7 /* esp32ConnectRelease.entitlements */ = {isa = PBXFileReference; lastKnownFileType = text.plist.entitlements; name = esp32ConnectRelease.entitlements; path = esp32Connect/esp32ConnectRelease.entitlements; sourceTree = "<group>"; };
		60D7C94D2EB536510076DBF0 /* DeviceActivityMonitorExtension.appex */ = {isa = PBXFileReference; explicitFileType = "wrapper.app-extension"; includeInIndex = 0; path = DeviceActivityMonitorExtension.appex; sourceTree = BUILT_PRODUCTS_DIR; };
		60D7C94E2EB536510076DBF0 /* DeviceActivity.framework */ = {isa = PBXFileReference; lastKnownFileType = wrapper.framework; name = DeviceActivity.framework; path = System/Library/Frameworks/DeviceActivity.framework; sourceTree = SDKROOT; };
		60D7C95F2EB5382B0076DBF0 /* FamilyControls.framework */ = {isa = PBXFileReference; lastKnownFileType = wrapper.framework; name = FamilyControls.framework; path = System/Library/Frameworks/FamilyControls.framework; sourceTree = SDKROOT; };
		60D7C9612EB5383B0076DBF0 /* ManagedSettings.framework */ = {isa = PBXFileReference; lastKnownFileType = wrapper.framework; name = ManagedSettings.framework; path = System/Library/Frameworks/ManagedSettings.framework; sourceTree = SDKROOT; };
		646F652F4DF0411F86A03430 /* SetupView.swift */ = {isa = PBXFileReference; lastKnownFileType = sourcecode.swift; name = SetupView.swift; path = esp32Connect/SetupView.swift; sourceTree = "<group>"; };
		7C8C77A75B98436880BB96D1 /* ESP32ConnectApp.swift */ = {isa = PBXFileReference; lastKnownFileType = sourcecode.swift; name = ESP32ConnectApp.swift; path = esp32Connect/ESP32ConnectApp.swift; sourceTree = "<group>"; };
		89DDC11B05E64638962FC34E /* DataDisplayView.swift */ = {isa = PBXFileReference; lastKnownFileType = sourcecode.swift; name = DataDisplayView.swift; path = esp32Connect/DataDisplayView.swift; sourceTree = "<group>"; };
		8B8414B5B1FB40519788E100 /* WorkoutView.swift */ = {isa = PBXFileReference; lastKnownFileType = sourcecode.swift; name = WorkoutView.swift; path = esp32Connect/WorkoutView.swift; sourceTree = "<group>"; };
		8C7D6E5A0B1C2D3E4F506071 /* ScreenTimeManager.swift */ = {isa = PBXFileReference; lastKnownFileType = sourcecode.swift; name = ScreenTimeManager.swift; path = esp32Connect/ScreenTimeManager.swift; sourceTree = "<group>"; };
		AA286B85B6C04FC6940260E9 /* SplashScreen.storyboard */ = {isa = PBXFileReference; fileEncoding = 4; lastKnownFileType = file.storyboard; name = SplashScreen.storyboard; path = esp32Connect/SplashScreen.storyboard; sourceTree = "<group>"; };
		AE50CB5574214F99A14202C6 /* Models.swift */ = {isa = PBXFileReference; lastKnownFileType = sourcecode.swift; name = Models.swift; path = esp32Connect/Models.swift; sourceTree = "<group>"; };
		B700AC7A3B1F495C80E42D88 /* ConnectionView.swift */ = {isa = PBXFileReference; lastKnownFileType = sourcecode.swift; name = ConnectionView.swift; path = esp32Connect/ConnectionView.swift; sourceTree = "<group>"; };
		BC01234567890ABCDEF12345 /* AutoConnectDataDisplayView.swift */ = {isa = PBXFileReference; lastKnownFileType = sourcecode.swift; name = AutoConnectDataDisplayView.swift; path = esp32Connect/AutoConnectDataDisplayView.swift; sourceTree = "<group>"; };
		ED297162215061F000B7C4FE /* JavaScriptCore.framework */ = {isa = PBXFileReference; lastKnownFileType = wrapper.framework; name = JavaScriptCore.framework; path = System/Library/Frameworks/JavaScriptCore.framework; sourceTree = SDKROOT; };
		F100ACD91ACB46818A92AA8D /* AppConfig.swift */ = {isa = PBXFileReference; lastKnownFileType = sourcecode.swift; name = AppConfig.swift; path = esp32Connect/AppConfig.swift; sourceTree = "<group>"; };
		F11748412D0307B40044C1D9 /* AppDelegate.swift */ = {isa = PBXFileReference; lastKnownFileType = sourcecode.swift; name = AppDelegate.swift; path = esp32Connect/AppDelegate.swift; sourceTree = "<group>"; };
		F11748442D0722820044C1D9 /* esp32Connect-Bridging-Header.h */ = {isa = PBXFileReference; lastKnownFileType = sourcecode.c.h; name = "esp32Connect-Bridging-Header.h"; path = "esp32Connect/esp32Connect-Bridging-Header.h"; sourceTree = "<group>"; };
		32B6E4FE693E80B0121C9B89 /* EventLog.swift */ = {isa = PBXFileReference; lastKnownFileType = sourcecode.swift; name = EventLog.swift; path = esp32Connect/EventLog.swift; sourceTree = "<group>"; };
		5A83382E7E567308F8348F2A /* EventLogView.swift */ = {isa = PBXFileReference; lastKnownFileType = sourcecode.swift; name = EventLogView.swift; path = esp32Connect/EventLogView.swift; sourceTree = "<group>"; };
		886126AF72FC4F2B1FA4E12F /* ExtensionDiagnosticsView.swift */ = {isa = PBXFileReference; lastKnownFileType = sourcecode.swift; name = ExtensionDiagnosticsView.swift; path = esp32Connect/ExtensionDiagnosticsView.swift; sourceTree = "<group>"; };
		3489088203CCE1FA6DAF0814 /* AppGroupConstants.swift */ = {isa = PBXFileReference; lastKnownFileType = sourcecode.swift; name = AppGroupConstants.swift; path = esp32Connect/AppGroupConstants.swift; sourceTree = "<group>"; };
		515F0EB8E3236D280FEB299A /* DeviceActivityMonitorExtension.swift */ = {isa = PBXFileReference; lastKnownFileType = sourcecode.swift; path = DeviceActivityMonitorExtension/DeviceActivityMonitorExtension.swift; sourceTree = "<group>"; };
		5EA41A84000F784D45C71B59 /* EventLog.swift */ = {isa = PBXFileReference; lastKnownFileType = sourcecode.swift; path = DeviceActivityMonitorExtension/EventLog.swift; sourceTree = "<group>"; };
		D72BDD70DC0468C5E5439B9C /* AppGroupConstants.swift */ = {isa = PBXFileReference; lastKnownFileType = sourcecode.swift; path = DeviceActivityMonitorExtension/AppGroupConstants.swift; sourceTree = "<group>"; };
/* End PBXFileReference section */

/* Begin PBXFileSystemSynchronizedBuildFileExceptionSet section */
		60D7C95B2EB536510076DBF0 /* PBXFileSystemSynchronizedBuildFileExceptionSet */ = {
			isa = PBXFileSystemSynchronizedBuildFileExceptionSet;
			membershipExceptions = (
				Info.plist,
			);
			target = 60D7C94C2EB536510076DBF0 /* DeviceActivityMonitorExtension */;
		};
/* End PBXFileSystemSynchronizedBuildFileExceptionSet section */

/* Begin PBXFileSystemSynchronizedRootGroup section */
		60D7C9502EB536510076DBF0 /* DeviceActivityMonitorExtension */ = {isa = PBXFileSystemSynchronizedRootGroup; exceptions = (60D7C95B2EB536510076DBF0 /* PBXFileSystemSynchronizedBuildFileExceptionSet */, ); explicitFileTypes = {}; explicitFolders = (); path = DeviceActivityMonitorExtension; sourceTree = "<group>"; };
/* End PBXFileSystemSynchronizedRootGroup section */

/* Begin PBXFrameworksBuildPhase section */
		13B07F8C1A680F5B00A75B9A /* Frameworks */ = {
			isa = PBXFrameworksBuildPhase;
			buildActionMask = 2147483647;
			files = (
			);
			runOnlyForDeploymentPostprocessing = 0;
		};
		60D7C94A2EB536510076DBF0 /* Frameworks */ = {
			isa = PBXFrameworksBuildPhase;
			buildActionMask = 2147483647;
			files = (
				60D7C9622EB5383B0076DBF0 /* ManagedSettings.framework in Frameworks */,
				60D7C9602EB5382B0076DBF0 /* FamilyControls.framework in Frameworks */,
				60D7C94F2EB536510076DBF0 /* DeviceActivity.framework in Frameworks */,
			);
			runOnlyForDeploymentPostprocessing = 0;
		};
/* End PBXFrameworksBuildPhase section */

/* Begin PBXGroup section */
		13B07FAE1A68108700A75B9A /* esp32Connect */ = {
			isa = PBXGroup;
			children = (
				604DC5FF2EEB3B6E001938F7 /* esp32ConnectRelease.entitlements */,
				646F652F4DF0411F86A03430 /* SetupView.swift */,
				8B8414B5B1FB40519788E100 /* WorkoutView.swift */,
				0479AA6271854BEEBE11C7E4 /* CongratulationsView.swift */,
				F11748412D0307B40044C1D9 /* AppDelegate.swift */,
				7C8C77A75B98436880BB96D1 /* ESP32ConnectApp.swift */,
				0392C39A3DE641EE9DBCA3F5 /* HomeView.swift */,
				B700AC7A3B1F495C80E42D88 /* ConnectionView.swift */,
				89DDC11B05E64638962FC34E /* DataDisplayView.swift */,
				BC01234567890ABCDEF12345 /* AutoConnectDataDisplayView.swift */,
				1F0018F7811041CEBE34E61D /* BLEManager.swift */,
				8C7D6E5A0B1C2D3E4F506071 /* ScreenTimeManager.swift */,
				32B6E4FE693E80B0121C9B89 /* EventLog.swift */,
				5A83382E7E567308F8348F2A /* EventLogView.swift */,
				886126AF72FC4F2B1FA4E12F /* ExtensionDiagnosticsView.swift */,
				3489088203CCE1FA6DAF0814 /* AppGroupConstants.swift */,
				2B3C4D5E6F708192A3B4C5D6 /* HoldToConfirmButton.swift */,
				AE50CB5574214F99A14202C6 /* Models.swift */,
				F100ACD91ACB46818A92AA8D /* AppConfig.swift */,
				21CBFCE60C3741839789F448 /* SceneDelegate.swift */,
				F11748442D0722820044C1D9 /* esp32Connect-Bridging-Header.h */,
				3A2B1C4D5E6F708192A3B4C5 /* esp32Connect.entitlements */,
				BB2F792B24A3F905000567C9 /* Supporting */,
				13B07FB51A68108700A75B9A /* Images.xcassets */,
				13B07FB61A68108700A75B9A /* Info.plist */,
				AA286B85B6C04FC6940260E9 /* SplashScreen.storyboard */,
				412FB27218B7A33677308B8E /* PrivacyInfo.xcprivacy */,
			);
			name = esp32Connect;
			sourceTree = "<group>";
		};
		2D16E6871FA4F8E400B85C8A /* Frameworks */ = {
			isa = PBXGroup;
			children = (
				60D7C9612EB5383B0076DBF0 /* ManagedSettings.framework */,
				60D7C95F2EB5382B0076DBF0 /* FamilyControls.framework */,
				ED297162215061F000B7C4FE /* JavaScriptCore.framework */,
				60D7C94E2EB536510076DBF0 /* DeviceActivity.framework */,
			);
			name = Frameworks;
			sourceTree = "<group>";
		};
		832341AE1AAA6A7D00B99B32 /* Libraries */ = {
			isa = PBXGroup;
			children = (
			);
			name = Libraries;
			sourceTree = "<group>";
		};
		83CBB9F61A601CBA00E9B192 = {
			isa = PBXGroup;
			children = (
				13B07FAE1A68108700A75B9A /* esp32Connect */,
				832341AE1AAA6A7D00B99B32 /* Libraries */,
				60D7C9502EB536510076DBF0 /* DeviceActivityMonitorExtension */,
				83CBBA001A601CBA00E9B192 /* Products */,
				2D16E6871FA4F8E400B85C8A /* Frameworks */,
			);
			indentWidth = 2;
			sourceTree = "<group>";
			tabWidth = 2;
			usesTabs = 0;
		};
		83CBBA001A601CBA00E9B192 /* Products */ = {
			isa = PBXGroup;
			children = (
				13B07F961A680F5B00A75B9A /* esp32Connect.app */,
				60D7C94D2EB536510076DBF0 /* DeviceActivityMonitorExtension.appex */,
			);
			name = Products;
			sourceTree = "<group>";
		};
		BB2F792B24A3F905000567C9 /* Supporting */ = {
			isa = PBXGroup;
			children = (
			);
			name = Supporting;
			path = esp32Connect/Supporting;
			sourceTree = "<group>";
		};
/* End PBXGroup section */

/* Begin PBXNativeTarget section */
		13B07F861A680F5B00A75B9A /* esp32Connect */ = {
			isa = PBXNativeTarget;
			buildConfigurationList = 13B07F931A680F5B00A75B9A /* Build configuration list for PBXNativeTarget "esp32Connect" */;
			buildPhases = (
				13B07F871A680F5B00A75B9A /* Sources */,
				13B07F8C1A680F5B00A75B9A /* Frameworks */,
				13B07F8E1A680F5B00A75B9A /* Resources */,
				60D7C9662EB570B10076DBF0 /* Embed Foundation Extensions */,
				60D7C9692EB572920076DBF0 /* Copy Files */,
			);
			buildRules = (
			);
			dependencies = (
				60D7C9652EB570B10076DBF0 /* PBXTargetDependency */,
				60D7C9682EB570B90076DBF0 /* PBXTargetDependency */,
			);
			name = esp32Connect;
			productName = esp32Connect;
			productReference = 13B07F961A680F5B00A75B9A /* esp32Connect.app */;
			productType = "com.apple.product-type.application";
		};
		60D7C94C2EB536510076DBF0 /* DeviceActivityMonitorExtension */ = {
			isa = PBXNativeTarget;
			buildConfigurationList = 60D7C95C2EB536510076DBF0 /* Build configuration list for PBXNativeTarget "DeviceActivityMonitorExtension" */;
			buildPhases = (
				60D7C9492EB536510076DBF0 /* Sources */,
				60D7C94A2EB536510076DBF0 /* Frameworks */,
				60D7C94B2EB536510076DBF0 /* Resources */,
			);
			buildRules = (
			);
			dependencies = (
			);
			fileSystemSynchronizedGroups = (
				60D7C9502EB536510076DBF0 /* DeviceActivityMonitorExtension */,
			);
			name = DeviceActivityMonitorExtension;
			packageProductDependencies = (
			);
			productName = DeviceActivityMonitorExtension;
			productReference = 60D7C94D2EB536510076DBF0 /* DeviceActivityMonitorExtension.appex */;
			productType = "com.apple.product-type.app-extension";
		};
/* End PBXNativeTarget section */

/* Begin PBXProject section */
		83CBB9F71A601CBA00E9B192 /* Project object */ = {
			isa = PBXProject;
			attributes = {
				LastSwiftUpdateCheck = 2600;
				LastUpgradeCheck = 1130;
				TargetAttributes = {
					13B07F861A680F5B00A75B9A = {
						LastSwiftMigration = 1250;
					};
					60D7C94C2EB536510076DBF0 = {
						CreatedOnToolsVersion = 26.0.1;
					};
				};
			};
			buildConfigurationList = 83CBB9FA1A601CBA00E9B192 /* Build configuration list for PBXProject "esp32Connect" */;
			compatibilityVersion = "Xcode 3.2";
			developmentRegion = en;
			hasScannedForEncodings = 0;
			knownRegions = (
				en,
				Base,
			);
			mainGroup = 83CBB9F61A601CBA00E9B192;
			productRefGroup = 83CBBA001A601CBA00E9B192 /* Products */;
			projectDirPath = "";
			projectRoot = "";
			targets = (
				13B07F861A680F5B00A75B9A /* esp32Connect */,
				60D7C94C2EB536510076DBF0 /* DeviceActivityMonitorExtension */,
			);
		};
/* End PBXProject section */

/* Begin PBXResourcesBuildPhase section */
		13B07F8E1A680F5B00A75B9A /* Resources */ = {
			isa = PBXResourcesBuildPhase;
			buildActionMask = 2147483647;
			files = (
				13B07FBF1A68108700A75B9A /* Images.xcassets in Resources */,
				3E461D99554A48A4959DE609 /* SplashScreen.storyboard in Resources */,
				8D87DD5133A7AB39F4848C73 /* PrivacyInfo.xcprivacy in Resources */,
			);
			runOnlyForDeploymentPostprocessing = 0;
		};
		60D7C94B2EB536510076DBF0 /* Resources */ = {
			isa = PBXResourcesBuildPhase;
			buildActionMask = 2147483647;
			files = (
			);
			runOnlyForDeploymentPostprocessing = 0;
		};
/* End PBXResourcesBuildPhase section */

/* Begin PBXSourcesBuildPhase section */
		13B07F871A680F5B00A75B9A /* Sources */ = {
			isa = PBXSourcesBuildPhase;
			buildActionMask = 2147483647;
			files = (
				22CB72D25AA449A8AEADA554 /* SetupView.swift in Sources */,
				7E5DB21B30764AC9B4D6263A /* WorkoutView.swift in Sources */,
				88A1DDE97BE64492848FF9F7 /* CongratulationsView.swift in Sources */,
				F11748422D0307B40044C1D9 /* AppDelegate.swift in Sources */,
				A67A45E9B72B4E81B652C831 /* ESP32ConnectApp.swift in Sources */,
				18232EB0B9A34A5B8107564F /* HomeView.swift in Sources */,
				E20F79DAFA5042F18286D991 /* ConnectionView.swift in Sources */,
				2BE029E855B54D5897F7943C /* DataDisplayView.swift in Sources */,
				AC01234567890ABCDEF12345 /* AutoConnectDataDisplayView.swift in Sources */,
				443106508C3E4493B30DC867 /* BLEManager.swift in Sources */,
				9D8E7F6A1B2C3D4E5F607182 /* ScreenTimeManager.swift in Sources */,
				3FDC1F077C776F2ED2D3FE6E /* EventLog.swift in Sources */,
				982BAB3C5D93A2FD7DF4D6F5 /* EventLogView.swift in Sources */,
				2339E79E9EE8381920CA63CE /* ExtensionDiagnosticsView.swift in Sources */,
				AE19B0C5022B1116B931D88E /* AppGroupConstants.swift in Sources */,
				1A2B3C4D5E6F708192A3B4C6 /* HoldToConfirmButton.swift in Sources */,
				5FC18872C91D4936AAF94B4C /* Models.swift in Sources */,
				6C583A8B36864E37BF51FCB3 /* AppConfig.swift in Sources */,
				7BB22A351210489DBA13106B /* SceneDelegate.swift in Sources */,
			);
			runOnlyForDeploymentPostprocessing = 0;
		};
		60D7C9492EB536510076DBF0 /* Sources */ = {
			isa = PBXSourcesBuildPhase;
			buildActionMask = 2147483647;
			files = (
				4174BDAC3A46570F979BFFD4 /* DeviceActivityMonitorExtension.swift in Sources */,
				D38436200DDDF6F3C1E39F01 /* EventLog.swift in Sources */,
				BA2DB7D193DCB8EA160D9176 /* AppGroupConstants.swift in Sources */,
			);
			runOnlyForDeploymentPostprocessing = 0;
		};
/* End PBXSourcesBuildPhase section */

/* Begin PBXTargetDependency section */
		60D7C9652EB570B10076DBF0 /* PBXTargetDependency */ = {
			isa = PBXTargetDependency;
			target = 60D7C94C2EB536510076DBF0 /* DeviceActivityMonitorExtension */;
			targetProxy = 60D7C9642EB570B10076DBF0 /* PBXContainerItemProxy */;
		};
		60D7C9682EB570B90076DBF0 /* PBXTargetDependency */ = {
			isa = PBXTargetDependency;
			target = 60D7C94C2EB536510076DBF0 /* DeviceActivityMonitorExtension */;
			targetProxy = 60D7C9672EB570B90076DBF0 /* PBXContainerItemProxy */;
		};
/* End PBXTargetDependency section */

/* Begin XCBuildConfiguration section */
		13B07F941A680F5B00A75B9A /* Debug */ = {
			isa = XCBuildConfiguration;
			buildSettings = {
				ASSETCATALOG_COMPILER_APPICON_NAME = AppIcon;
				CLANG_ENABLE_MODULES = YES;
				CODE_SIGN_ENTITLEMENTS = esp32Connect/esp32Connect.entitlements;
				CODE_SIGN_IDENTITY = "Apple Development";
				CODE_SIGN_STYLE = Automatic;
				CURRENT_PROJECT_VERSION = 1;
				DEVELOPMENT_TEAM = Y29YA968X5;
				ENABLE_BITCODE = NO;
				GCC_PREPROCESSOR_DEFINITIONS = (
					"$(inherited)",
					"FB_SONARKIT_ENABLED=1",
				);
				INFOPLIST_FILE = esp32Connect/Info.plist;
				INFOPLIST_KEY_CFBundleDisplayName = "Pavl-off";
				INFOPLIST_KEY_LSApplicationCategoryType = "public.app-category.healthcare-fitness";
				IPHONEOS_DEPLOYMENT_TARGET = 16.0;
				LD_RUNPATH_SEARCH_PATHS = (
					"$(inherited)",
					"@executable_path/Frameworks",
				);
				MARKETING_VERSION = 1.0;
				OTHER_LDFLAGS = (
					"$(inherited)",
					"-ObjC",
					"-lc++",
				);
				PRODUCT_BUNDLE_IDENTIFIER = com.maslowcnc.Tides;
				PRODUCT_NAME = esp32Connect;
				PROVISIONING_PROFILE_SPECIFIER = "";
				SWIFT_OBJC_BRIDGING_HEADER = "esp32Connect/esp32Connect-Bridging-Header.h";
				SWIFT_OPTIMIZATION_LEVEL = "-Onone";
				SWIFT_VERSION = 5.0;
				VERSIONING_SYSTEM = "apple-generic";
			};
			name = Debug;
		};
		13B07F951A680F5B00A75B9A /* Release */ = {
			isa = XCBuildConfiguration;
			buildSettings = {
				ASSETCATALOG_COMPILER_APPICON_NAME = AppIcon;
				CLANG_ENABLE_MODULES = YES;
				CODE_SIGN_ENTITLEMENTS = esp32Connect/esp32ConnectRelease.entitlements;
				CODE_SIGN_IDENTITY = "Apple Development";
				CODE_SIGN_STYLE = Automatic;
				CURRENT_PROJECT_VERSION = 1;
				DEVELOPMENT_TEAM = Y29YA968X5;
				INFOPLIST_FILE = esp32Connect/Info.plist;
				INFOPLIST_KEY_CFBundleDisplayName = "Pavl-off";
				INFOPLIST_KEY_LSApplicationCategoryType = "public.app-category.healthcare-fitness";
				IPHONEOS_DEPLOYMENT_TARGET = 16.0;
				LD_RUNPATH_SEARCH_PATHS = (
					"$(inherited)",
					"@executable_path/Frameworks",
				);
				MARKETING_VERSION = 1.0;
				OTHER_LDFLAGS = (
					"$(inherited)",
					"-ObjC",
					"-lc++",
				);
				PRODUCT_BUNDLE_IDENTIFIER = com.maslowcnc.Tides;
				PRODUCT_NAME = esp32Connect;
				PROVISIONING_PROFILE_SPECIFIER = "";
				SWIFT_OBJC_BRIDGING_HEADER = "esp32Connect/esp32Connect-Bridging-Header.h";
				SWIFT_VERSION = 5.0;
				VERSIONING_SYSTEM = "apple-generic";
			};
			name = Release;
		};
		60D7C9592EB536510076DBF0 /* Debug */ = {
			isa = XCBuildConfiguration;
			buildSettings = {
				ASSETCATALOG_COMPILER_GENERATE_SWIFT_ASSET_SYMBOL_EXTENSIONS = YES;
				CLANG_ANALYZER_NONNULL = YES;
				CLANG_ANALYZER_NUMBER_OBJECT_CONVERSION = YES_AGGRESSIVE;
				CLANG_CXX_LANGUAGE_STANDARD = "gnu++20";
				CLANG_ENABLE_OBJC_WEAK = YES;
				CLANG_WARN_DOCUMENTATION_COMMENTS = YES;
				CLANG_WARN_QUOTED_INCLUDE_IN_FRAMEWORK_HEADER = YES;
				CLANG_WARN_UNGUARDED_AVAILABILITY = YES_AGGRESSIVE;
				CODE_SIGN_ALLOW_ENTITLEMENTS_MODIFICATION = YES;
				CODE_SIGN_ENTITLEMENTS = DeviceActivityMonitorExtension/DeviceActivityMonitorExtension.entitlements;
				CODE_SIGN_IDENTITY = "Apple Development";
				CODE_SIGN_STYLE = Automatic;
				CURRENT_PROJECT_VERSION = 1;
				DEBUG_INFORMATION_FORMAT = dwarf;
				DEVELOPMENT_TEAM = Y29YA968X5;
				ENABLE_USER_SCRIPT_SANDBOXING = YES;
				GCC_C_LANGUAGE_STANDARD = gnu17;
				GENERATE_INFOPLIST_FILE = YES;
				INFOPLIST_FILE = DeviceActivityMonitorExtension/Info.plist;
				INFOPLIST_KEY_CFBundleDisplayName = DeviceActivityMonitorExtension;
				INFOPLIST_KEY_NSHumanReadableCopyright = "";
				IPHONEOS_DEPLOYMENT_TARGET = 16.6;
				LD_RUNPATH_SEARCH_PATHS = (
					"$(inherited)",
					"@executable_path/Frameworks",
					"@executable_path/../../Frameworks",
				);
				LOCALIZATION_PREFERS_STRING_CATALOGS = YES;
				MARKETING_VERSION = 1.0;
				MTL_ENABLE_DEBUG_INFO = INCLUDE_SOURCE;
				MTL_FAST_MATH = YES;
				PRODUCT_BUNDLE_IDENTIFIER = com.maslowcnc.Tides.DeviceActivityMonitorExtension;
				PRODUCT_NAME = "$(TARGET_NAME)";
				PROVISIONING_PROFILE_SPECIFIER = "";
				SKIP_INSTALL = YES;
				STRING_CATALOG_GENERATE_SYMBOLS = YES;
				SWIFT_ACTIVE_COMPILATION_CONDITIONS = "DEBUG $(inherited)";
				SWIFT_APPROACHABLE_CONCURRENCY = YES;
				SWIFT_EMIT_LOC_STRINGS = YES;
				SWIFT_OPTIMIZATION_LEVEL = "-Onone";
				SWIFT_UPCOMING_FEATURE_MEMBER_IMPORT_VISIBILITY = YES;
				SWIFT_VERSION = 5.0;
				TARGETED_DEVICE_FAMILY = "1,2";
			};
			name = Debug;
		};
		60D7C95A2EB536510076DBF0 /* Release */ = {
			isa = XCBuildConfiguration;
			buildSettings = {
				ASSETCATALOG_COMPILER_GENERATE_SWIFT_ASSET_SYMBOL_EXTENSIONS = YES;
				CLANG_ANALYZER_NONNULL = YES;
				CLANG_ANALYZER_NUMBER_OBJECT_CONVERSION = YES_AGGRESSIVE;
				CLANG_CXX_LANGUAGE_STANDARD = "gnu++20";
				CLANG_ENABLE_OBJC_WEAK = YES;
				CLANG_WARN_DOCUMENTATION_COMMENTS = YES;
				CLANG_WARN_QUOTED_INCLUDE_IN_FRAMEWORK_HEADER = YES;
				CLANG_WARN_UNGUARDED_AVAILABILITY = YES_AGGRESSIVE;
				CODE_SIGN_ALLOW_ENTITLEMENTS_MODIFICATION = YES;
				CODE_SIGN_ENTITLEMENTS = DeviceActivityMonitorExtension/DeviceActivityMonitorExtensionRelease.entitlements;
				CODE_SIGN_IDENTITY = "Apple Development";
				CODE_SIGN_STYLE = Automatic;
				COPY_PHASE_STRIP = NO;
				CURRENT_PROJECT_VERSION = 1;
				DEBUG_INFORMATION_FORMAT = "dwarf-with-dsym";
				DEVELOPMENT_TEAM = Y29YA968X5;
				ENABLE_USER_SCRIPT_SANDBOXING = YES;
				GCC_C_LANGUAGE_STANDARD = gnu17;
				GENERATE_INFOPLIST_FILE = YES;
				INFOPLIST_FILE = DeviceActivityMonitorExtension/Info.plist;
				INFOPLIST_KEY_CFBundleDisplayName = DeviceActivityMonitorExtension;
				INFOPLIST_KEY_NSHumanReadableCopyright = "";
				IPHONEOS_DEPLOYMENT_TARGET = 16.6;
				LD_RUNPATH_SEARCH_PATHS = (
					"$(inherited)",
					"@executable_path/Frameworks",
					"@executable_path/../../Frameworks",
				);
				LOCALIZATION_PREFERS_STRING_CATALOGS = YES;
				MARKETING_VERSION = 1.0;
				MTL_FAST_MATH = YES;
				PRODUCT_BUNDLE_IDENTIFIER = com.maslowcnc.Tides.DeviceActivityMonitorExtension;
				PRODUCT_NAME = "$(TARGET_NAME)";
				PROVISIONING_PROFILE_SPECIFIER = "";
				SKIP_INSTALL = YES;
				STRING_CATALOG_GENERATE_SYMBOLS = YES;
				SWIFT_APPROACHABLE_CONCURRENCY = YES;
				SWIFT_COMPILATION_MODE = wholemodule;
				SWIFT_EMIT_LOC_STRINGS = YES;
				SWIFT_UPCOMING_FEATURE_MEMBER_IMPORT_VISIBILITY = YES;
				SWIFT_VERSION = 5.0;
				TARGETED_DEVICE_FAMILY = "1,2";
			};
			name = Release;
		};
		83CBBA201A601CBA00E9B192 /* Debug */ = {
			isa = XCBuildConfiguration;
			buildSettings = {
				ALWAYS_SEARCH_USER_PATHS = NO;
				CLANG_ANALYZER_LOCALIZABILITY_NONLOCALIZED = YES;
				CLANG_CXX_LANGUAGE_STANDARD = "c++20";
				CLANG_CXX_LIBRARY = "libc++";
				CLANG_ENABLE_MODULES = YES;
				CLANG_ENABLE_OBJC_ARC = YES;
				CLANG_WARN_BLOCK_CAPTURE_AUTORELEASING = YES;
				CLANG_WARN_BOOL_CONVERSION = YES;
				CLANG_WARN_COMMA = YES;
				CLANG_WARN_CONSTANT_CONVERSION = YES;
				CLANG_WARN_DEPRECATED_OBJC_IMPLEMENTATIONS = YES;
				CLANG_WARN_DIRECT_OBJC_ISA_USAGE = YES_ERROR;
				CLANG_WARN_EMPTY_BODY = YES;
				CLANG_WARN_ENUM_CONVERSION = YES;
				CLANG_WARN_INFINITE_RECURSION = YES;
				CLANG_WARN_INT_CONVERSION = YES;
				CLANG_WARN_NON_LITERAL_NULL_CONVERSION = YES;
				CLANG_WARN_OBJC_IMPLICIT_RETAIN_SELF = YES;
				CLANG_WARN_OBJC_LITERAL_CONVERSION = YES;
				CLANG_WARN_OBJC_ROOT_CLASS = YES_ERROR;
				CLANG_WARN_RANGE_LOOP_ANALYSIS = YES;
				CLANG_WARN_STRICT_PROTOTYPES = YES;
				CLANG_WARN_SUSPICIOUS_MOVE = YES;
				CLANG_WARN_UNREACHABLE_CODE = YES;
				CLANG_WARN__DUPLICATE_METHOD_MATCH = YES;
				"CODE_SIGN_IDENTITY[sdk=iphoneos*]" = "iPhone Developer";
				COPY_PHASE_STRIP = NO;
				ENABLE_STRICT_OBJC_MSGSEND = YES;
				ENABLE_TESTABILITY = YES;
				GCC_C_LANGUAGE_STANDARD = gnu99;
				GCC_DYNAMIC_NO_PIC = NO;
				GCC_NO_COMMON_BLOCKS = YES;
				GCC_OPTIMIZATION_LEVEL = 0;
				GCC_PREPROCESSOR_DEFINITIONS = (
					"DEBUG=1",
					"$(inherited)",
				);
				GCC_SYMBOLS_PRIVATE_EXTERN = NO;
				GCC_WARN_64_TO_32_BIT_CONVERSION = YES;
				GCC_WARN_ABOUT_RETURN_TYPE = YES_ERROR;
				GCC_WARN_UNDECLARED_SELECTOR = YES;
				GCC_WARN_UNINITIALIZED_AUTOS = YES_AGGRESSIVE;
				GCC_WARN_UNUSED_FUNCTION = YES;
				GCC_WARN_UNUSED_VARIABLE = YES;
				IPHONEOS_DEPLOYMENT_TARGET = 16.0;
				LD_RUNPATH_SEARCH_PATHS = (
					/usr/lib/swift,
					"$(inherited)",
				);
				LIBRARY_SEARCH_PATHS = "$(SDKROOT)/usr/lib/swift\"$(inherited)\"";
				MTL_ENABLE_DEBUG_INFO = YES;
				ONLY_ACTIVE_ARCH = YES;
				OTHER_LDFLAGS = "$(inherited)  ";
				SDKROOT = iphoneos;
				SWIFT_ACTIVE_COMPILATION_CONDITIONS = "$(inherited) DEBUG";
			};
			name = Debug;
		};
		83CBBA211A601CBA00E9B192 /* Release */ = {
			isa = XCBuildConfiguration;
			buildSettings = {
				ALWAYS_SEARCH_USER_PATHS = NO;
				CLANG_ANALYZER_LOCALIZABILITY_NONLOCALIZED = YES;
				CLANG_CXX_LANGUAGE_STANDARD = "c++20";
				CLANG_CXX_LIBRARY = "libc++";
				CLANG_ENABLE_MODULES = YES;
				CLANG_ENABLE_OBJC_ARC = YES;
				CLANG_WARN_BLOCK_CAPTURE_AUTORELEASING = YES;
				CLANG_WARN_BOOL_CONVERSION = YES;
				CLANG_WARN_COMMA = YES;
				CLANG_WARN_CONSTANT_CONVERSION = YES;
				CLANG_WARN_DEPRECATED_OBJC_IMPLEMENTATIONS = YES;
				CLANG_WARN_DIRECT_OBJC_ISA_USAGE = YES_ERROR;
				CLANG_WARN_EMPTY_BODY = YES;
				CLANG_WARN_ENUM_CONVERSION = YES;
				CLANG_WARN_INFINITE_RECURSION = YES;
				CLANG_WARN_INT_CONVERSION = YES;
				CLANG_WARN_NON_LITERAL_NULL_CONVERSION = YES;
				CLANG_WARN_OBJC_IMPLICIT_RETAIN_SELF = YES;
				CLANG_WARN_OBJC_LITERAL_CONVERSION = YES;
				CLANG_WARN_OBJC_ROOT_CLASS = YES_ERROR;
				CLANG_WARN_RANGE_LOOP_ANALYSIS = YES;
				CLANG_WARN_STRICT_PROTOTYPES = YES;
				CLANG_WARN_SUSPICIOUS_MOVE = YES;
				CLANG_WARN_UNREACHABLE_CODE = YES;
				CLANG_WARN__DUPLICATE_METHOD_MATCH = YES;
				"CODE_SIGN_IDENTITY[sdk=iphoneos*]" = "iPhone Developer";
				COPY_PHASE_STRIP = YES;
				ENABLE_NS_ASSERTIONS = NO;
				ENABLE_STRICT_OBJC_MSGSEND = YES;
				GCC_C_LANGUAGE_STANDARD = gnu99;
				GCC_NO_COMMON_BLOCKS = YES;
				GCC_WARN_64_TO_32_BIT_CONVERSION = YES;
				GCC_WARN_ABOUT_RETURN_TYPE = YES_ERROR;
				GCC_WARN_UNDECLARED_SELECTOR = YES;
				GCC_WARN_UNINITIALIZED_AUTOS = YES_AGGRESSIVE;
				GCC_WARN_UNUSED_FUNCTION = YES;
				GCC_WARN_UNUSED_VARIABLE = YES;
				IPHONEOS_DEPLOYMENT_TARGET = 16.0;
				LD_RUNPATH_SEARCH_PATHS = (
					/usr/lib/swift,
					"$(inherited)",
				);
				LIBRARY_SEARCH_PATHS = "$(SDKROOT)/usr/lib/swift\"$(inherited)\"";
				MTL_ENABLE_DEBUG_INFO = NO;
				OTHER_LDFLAGS = "$(inherited)  ";
				SDKROOT = iphoneos;
				VALIDATE_PRODUCT = YES;
			};
			name = Release;
		};
/* End XCBuildConfiguration section */

/* Begin XCConfigurationList section */
		13B07F931A680F5B00A75B9A /* Build configuration list for PBXNativeTarget "esp32Connect" */ = {
			isa = XCConfigurationList;
			buildConfigurations = (
				13B07F941A680F5B00A75B9A /* Debug */,
				13B07F951A680F5B00A75B9A /* Release */,
			);
			defaultConfigurationIsVisible = 0;
			defaultConfigurationName = Release;
		};
		60D7C95C2EB536510076DBF0 /* Build configuration list for PBXNativeTarget "DeviceActivityMonitorExtension" */ = {
			isa = XCConfigurationList;
			buildConfigurations = (
				60D7C9592EB536510076DBF0 /* Debug */,
				60D7C95A2EB536510076DBF0 /* Release */,
			);
			defaultConfigurationIsVisible = 0;
			defaultConfigurationName = Release;
		};
		83CBB9FA1A601CBA00E9B192 /* Build configuration list for PBXProject "esp32Connect" */ = {
			isa = XCConfigurationList;
			buildConfigurations = (
				83CBBA201A601CBA00E9B192 /* Debug */,
				83CBBA211A601CBA00E9B192 /* Release */,
			);
			defaultConfigurationIsVisible = 0;
			defaultConfigurationName = Release;
		};
/* End XCConfigurationList section */
	};
	rootObject = 83CBB9F71A601CBA00E9B192 /* Project object */;
}
